// !$*UTF8*$!
{
	archiveVersion = 1;
	classes = {
	};
	objectVersion = 46;
	objects = {

/* Begin PBXBuildFile section */
		FA02B7CD1CC920B200A83982 /* AppDelegate.swift in Sources */ = {isa = PBXBuildFile; fileRef = FA02B7CC1CC920B200A83982 /* AppDelegate.swift */; };
		FA02B7CF1CC920B200A83982 /* ViewController.swift in Sources */ = {isa = PBXBuildFile; fileRef = FA02B7CE1CC920B200A83982 /* ViewController.swift */; };
		FA02B7D21CC920B200A83982 /* Main.storyboard in Resources */ = {isa = PBXBuildFile; fileRef = FA02B7D01CC920B200A83982 /* Main.storyboard */; };
		FA02B7D41CC920B200A83982 /* Assets.xcassets in Resources */ = {isa = PBXBuildFile; fileRef = FA02B7D31CC920B200A83982 /* Assets.xcassets */; };
		FA02B7D71CC920B200A83982 /* LaunchScreen.storyboard in Resources */ = {isa = PBXBuildFile; fileRef = FA02B7D51CC920B200A83982 /* LaunchScreen.storyboard */; };
/* End PBXBuildFile section */

/* Begin PBXFileReference section */
		FA02B7C91CC920B200A83982 /* GitHubDemo.app */ = {isa = PBXFileReference; explicitFileType = wrapper.application; includeInIndex = 0; path = GitHubDemo.app; sourceTree = BUILT_PRODUCTS_DIR; };
		FA02B7CC1CC920B200A83982 /* AppDelegate.swift */ = {isa = PBXFileReference; lastKnownFileType = sourcecode.swift; path = AppDelegate.swift; sourceTree = "<group>"; };
		FA02B7CE1CC920B200A83982 /* ViewController.swift */ = {isa = PBXFileReference; lastKnownFileType = sourcecode.swift; path = ViewController.swift; sourceTree = "<group>"; };
		FA02B7D11CC920B200A83982 /* Base */ = {isa = PBXFileReference; lastKnownFileType = file.storyboard; name = Base; path = Base.lproj/Main.storyboard; sourceTree = "<group>"; };
		FA02B7D31CC920B200A83982 /* Assets.xcassets */ = {isa = PBXFileReference; lastKnownFileType = folder.assetcatalog; path = Assets.xcassets; sourceTree = "<group>"; };
		FA02B7D61CC920B200A83982 /* Base */ = {isa = PBXFileReference; lastKnownFileType = file.storyboard; name = Base; path = Base.lproj/LaunchScreen.storyboard; sourceTree = "<group>"; };
		FA02B7D81CC920B200A83982 /* Info.plist */ = {isa = PBXFileReference; lastKnownFileType = text.plist.xml; path = Info.plist; sourceTree = "<group>"; };
/* End PBXFileReference section */

/* Begin PBXFrameworksBuildPhase section */
		FA02B7C61CC920B200A83982 /* Frameworks */ = {
			isa = PBXFrameworksBuildPhase;
			buildActionMask = 2147483647;
			files = (
			);
			runOnlyForDeploymentPostprocessing = 0;
		};
/* End PBXFrameworksBuildPhase section */

/* Begin PBXGroup section */
		FA02B7C01CC920B200A83982 = {
			isa = PBXGroup;
			children = (
				FA02B7CB1CC920B200A83982 /* GitHubDemo */,
				FA02B7CA1CC920B200A83982 /* Products */,
			);
			sourceTree = "<group>";
		};
		FA02B7CA1CC920B200A83982 /* Products */ = {
			isa = PBXGroup;
			children = (
				FA02B7C91CC920B200A83982 /* GitHubDemo.app */,
			);
			name = Products;
			sourceTree = "<group>";
		};
		FA02B7CB1CC920B200A83982 /* GitHubDemo */ = {
			isa = PBXGroup;
			children = (
				FA02B7CC1CC920B200A83982 /* AppDelegate.swift */,
				FA02B7CE1CC920B200A83982 /* ViewController.swift */,
				FA02B7D01CC920B200A83982 /* Main.storyboard */,
				FA02B7D31CC920B200A83982 /* Assets.xcassets */,
				FA02B7D51CC920B200A83982 /* LaunchScreen.storyboard */,
				FA02B7D81CC920B200A83982 /* Info.plist */,
			);
			path = GitHubDemo;
			sourceTree = "<group>";
		};
/* End PBXGroup section */

/* Begin PBXNativeTarget section */
		FA02B7C81CC920B200A83982 /* GitHubDemo */ = {
			isa = PBXNativeTarget;
			buildConfigurationList = FA02B7DB1CC920B200A83982 /* Build configuration list for PBXNativeTarget "GitHubDemo" */;
			buildPhases = (
				FA02B7C51CC920B200A83982 /* Sources */,
				FA02B7C61CC920B200A83982 /* Frameworks */,
				FA02B7C71CC920B200A83982 /* Resources */,
			);
			buildRules = (
			);
			dependencies = (
			);
			name = GitHubDemo;
			productName = GitHubDemo;
			productReference = FA02B7C91CC920B200A83982 /* GitHubDemo.app */;
			productType = "com.apple.product-type.application";
		};
/* End PBXNativeTarget section */

/* Begin PBXProject section */
		FA02B7C11CC920B200A83982 /* Project object */ = {
			isa = PBXProject;
			attributes = {
				LastSwiftUpdateCheck = 0710;
				LastUpgradeCheck = 0710;
				ORGANIZATIONNAME = SHP;
				TargetAttributes = {
					FA02B7C81CC920B200A83982 = {
						CreatedOnToolsVersion = 7.1;
					};
				};
			};
			buildConfigurationList = FA02B7C41CC920B200A83982 /* Build configuration list for PBXProject "GitHubDemo" */;
			compatibilityVersion = "Xcode 3.2";
			developmentRegion = English;
			hasScannedForEncodings = 0;
			knownRegions = (
				en,
				Base,
			);
			mainGroup = FA02B7C01CC920B200A83982;
			productRefGroup = FA02B7CA1CC920B200A83982 /* Products */;
			projectDirPath = "";
			projectRoot = "";
			targets = (
				FA02B7C81CC920B200A83982 /* GitHubDemo */,
			);
		};
/* End PBXProject section */

/* Begin PBXResourcesBuildPhase section */
		FA02B7C71CC920B200A83982 /* Resources */ = {
			isa = PBXResourcesBuildPhase;
			buildActionMask = 2147483647;
			files = (
				FA02B7D71CC920B200A83982 /* LaunchScreen.storyboard in Resources */,
				FA02B7D41CC920B200A83982 /* Assets.xcassets in Resources */,
				FA02B7D21CC920B200A83982 /* Main.storyboard in Resources */,
			);
			runOnlyForDeploymentPostprocessing = 0;
		};
/* End PBXResourcesBuildPhase section */

/* Begin PBXSourcesBuildPhase section */
		FA02B7C51CC920B200A83982 /* Sources */ = {
			isa = PBXSourcesBuildPhase;
			buildActionMask = 2147483647;
			files = (
				FA02B7CF1CC920B200A83982 /* ViewController.swift in Sources */,
				FA02B7CD1CC920B200A83982 /* AppDelegate.swift in Sources */,
			);
			runOnlyForDeploymentPostprocessing = 0;
		};
/* End PBXSourcesBuildPhase section */

/* Begin PBXVariantGroup section */
		FA02B7D01CC920B200A83982 /* Main.storyboard */ = {
			isa = PBXVariantGroup;
			children = (
				FA02B7D11CC920B200A83982 /* Base */,
			);
			name = Main.storyboard;
			sourceTree = "<group>";
		};
		FA02B7D51CC920B200A83982 /* LaunchScreen.storyboard */ = {
			isa = PBXVariantGroup;
			children = (
				FA02B7D61CC920B200A83982 /* Base */,
			);
			name = LaunchScreen.storyboard;
			sourceTree = "<group>";
		};
/* End PBXVariantGroup section */

/* Begin XCBuildConfiguration section */
		FA02B7D91CC920B200A83982 /* Debug */ = {
			isa = XCBuildConfiguration;
			buildSettings = {
				ALWAYS_SEARCH_USER_PATHS = NO;
				CLANG_CXX_LANGUAGE_STANDARD = "gnu++0x";
				CLANG_CXX_LIBRARY = "libc++";
				CLANG_ENABLE_MODULES = YES;
				CLANG_ENABLE_OBJC_ARC = YES;
				CLANG_WARN_BOOL_CONVERSION = YES;
				CLANG_WARN_CONSTANT_CONVERSION = YES;
				CLANG_WARN_DIRECT_OBJC_ISA_USAGE = YES_ERROR;
				CLANG_WARN_EMPTY_BODY = YES;
				CLANG_WARN_ENUM_CONVERSION = YES;
				CLANG_WARN_INT_CONVERSION = YES;
				CLANG_WARN_OBJC_ROOT_CLASS = YES_ERROR;
				CLANG_WARN_UNREACHABLE_CODE = YES;
				CLANG_WARN__DUPLICATE_METHOD_MATCH = YES;
				"CODE_SIGN_IDENTITY[sdk=iphoneos*]" = "iPhone Developer";
				COPY_PHASE_STRIP = NO;
				DEBUG_INFORMATION_FORMAT = dwarf;
				ENABLE_STRICT_OBJC_MSGSEND = YES;
				ENABLE_TESTABILITY = YES;
				GCC_C_LANGUAGE_STANDARD = gnu99;
				GCC_DYNAMIC_NO_PIC = NO;
				GCC_NO_COMMON_BLOCKS = YES;
				GCC_OPTIMIZATION_LEVEL = 0;
				GCC_PREPROCESSOR_DEFINITIONS = (
					"DEBUG=1",
					"$(inherited)",
				);
				GCC_WARN_64_TO_32_BIT_CONVERSION = YES;
				GCC_WARN_ABOUT_RETURN_TYPE = YES_ERROR;
				GCC_WARN_UNDECLARED_SELECTOR = YES;
				GCC_WARN_UNINITIALIZED_AUTOS = YES_AGGRESSIVE;
				GCC_WARN_UNUSED_FUNCTION = YES;
				GCC_WARN_UNUSED_VARIABLE = YES;
				IPHONEOS_DEPLOYMENT_TARGET = 9.1;
				MTL_ENABLE_DEBUG_INFO = YES;
				ONLY_ACTIVE_ARCH = YES;
				SDKROOT = iphoneos;
				SWIFT_OPTIMIZATION_LEVEL = "-Onone";
			};
			name = Debug;
		};
		FA02B7DA1CC920B200A83982 /* Release */ = {
			isa = XCBuildConfiguration;
			buildSettings = {
				ALWAYS_SEARCH_USER_PATHS = NO;
				CLANG_CXX_LANGUAGE_STANDARD = "gnu++0x";
				CLANG_CXX_LIBRARY = "libc++";
				CLANG_ENABLE_MODULES = YES;
				CLANG_ENABLE_OBJC_ARC = YES;
				CLANG_WARN_BOOL_CONVERSION = YES;
				CLANG_WARN_CONSTANT_CONVERSION = YES;
				CLANG_WARN_DIRECT_OBJC_ISA_USAGE = YES_ERROR;
				CLANG_WARN_EMPTY_BODY = YES;
				CLANG_WARN_ENUM_CONVERSION = YES;
				CLANG_WARN_INT_CONVERSION = YES;
				CLANG_WARN_OBJC_ROOT_CLASS = YES_ERROR;
				CLANG_WARN_UNREACHABLE_CODE = YES;
				CLANG_WARN__DUPLICATE_METHOD_MATCH = YES;
				"CODE_SIGN_IDENTITY[sdk=iphoneos*]" = "iPhone Developer";
				COPY_PHASE_STRIP = NO;
				DEBUG_INFORMATION_FORMAT = "dwarf-with-dsym";
				ENABLE_NS_ASSERTIONS = NO;
				ENABLE_STRICT_OBJC_MSGSEND = YES;
				GCC_C_LANGUAGE_STANDARD = gnu99;
				GCC_NO_COMMON_BLOCKS = YES;
				GCC_WARN_64_TO_32_BIT_CONVERSION = YES;
				GCC_WARN_ABOUT_RETURN_TYPE = YES_ERROR;
				GCC_WARN_UNDECLARED_SELECTOR = YES;
				GCC_WARN_UNINITIALIZED_AUTOS = YES_AGGRESSIVE;
				GCC_WARN_UNUSED_FUNCTION = YES;
				GCC_WARN_UNUSED_VARIABLE = YES;
				IPHONEOS_DEPLOYMENT_TARGET = 9.1;
				MTL_ENABLE_DEBUG_INFO = NO;
				SDKROOT = iphoneos;
				VALIDATE_PRODUCT = YES;
			};
			name = Release;
		};
		FA02B7DC1CC920B200A83982 /* Debug */ = {
			isa = XCBuildConfiguration;
			buildSettings = {
				ASSETCATALOG_COMPILER_APPICON_NAME = AppIcon;
				INFOPLIST_FILE = GitHubDemo/Info.plist;
				LD_RUNPATH_SEARCH_PATHS = "$(inherited) @executable_path/Frameworks";
				PRODUCT_BUNDLE_IDENTIFIER = org.shp.GitHubDemo;
				PRODUCT_NAME = "$(TARGET_NAME)";
			};
			name = Debug;
		};
		FA02B7DD1CC920B200A83982 /* Release */ = {
			isa = XCBuildConfiguration;
			buildSettings = {
				ASSETCATALOG_COMPILER_APPICON_NAME = AppIcon;
				INFOPLIST_FILE = GitHubDemo/Info.plist;
				LD_RUNPATH_SEARCH_PATHS = "$(inherited) @executable_path/Frameworks";
				PRODUCT_BUNDLE_IDENTIFIER = org.shp.GitHubDemo;
				PRODUCT_NAME = "$(TARGET_NAME)";
			};
			name = Release;
		};
/* End XCBuildConfiguration section */

/* Begin XCConfigurationList section */
		FA02B7C41CC920B200A83982 /* Build configuration list for PBXProject "GitHubDemo" */ = {
			isa = XCConfigurationList;
			buildConfigurations = (
				FA02B7D91CC920B200A83982 /* Debug */,
				FA02B7DA1CC920B200A83982 /* Release */,
			);
			defaultConfigurationIsVisible = 0;
			defaultConfigurationName = Release;
		};
		FA02B7DB1CC920B200A83982 /* Build configuration list for PBXNativeTarget "GitHubDemo" */ = {
			isa = XCConfigurationList;
			buildConfigurations = (
				FA02B7DC1CC920B200A83982 /* Debug */,
				FA02B7DD1CC920B200A83982 /* Release */,
			);
			defaultConfigurationIsVisible = 0;
		};
/* End XCConfigurationList section */
	};
	rootObject = FA02B7C11CC920B200A83982 /* Project object */;
}
